
Microsoft Visual Studio Solution File, Format Version 12.00
# Visual Studio Version 17
VisualStudioVersion = 17.3.32804.467
MinimumVisualStudioVersion = 10.0.40219.1
Project("{FAE04EC0-301F-11D3-BF4B-00C04F79EFBC}") = "Pjogo_da_velha", "Pjogo_da_velha\Pjogo_da_velha.csproj", "{7F30DA38-15D4-400B-8A8D-086150E02178}"
EndProject
Global
	GlobalSection(SolutionConfigurationPlatforms) = preSolution
		Debug|Any CPU = Debug|Any CPU
		Release|Any CPU = Release|Any CPU
	EndGlobalSection
	GlobalSection(ProjectConfigurationPlatforms) = postSolution
		{7F30DA38-15D4-400B-8A8D-086150E02178}.Debug|Any CPU.ActiveCfg = Debug|Any CPU
		{7F30DA38-15D4-400B-8A8D-086150E02178}.Debug|Any CPU.Build.0 = Debug|Any CPU
		{7F30DA38-15D4-400B-8A8D-086150E02178}.Release|Any CPU.ActiveCfg = Release|Any CPU
		{7F30DA38-15D4-400B-8A8D-086150E02178}.Release|Any CPU.Build.0 = Release|Any CPU
	EndGlobalSection
	GlobalSection(SolutionProperties) = preSolution
		HideSolutionNode = FALSE
	EndGlobalSection
	GlobalSection(ExtensibilityGlobals) = postSolution
		SolutionGuid = {90F52C94-E932-4C4D-85FA-592F2FF7A3A2}
	EndGlobalSection
EndGlobal
