
Microsoft Visual Studio Solution File, Format Version 12.00
# Visual Studio Version 17
VisualStudioVersion = 17.3.32804.467
MinimumVisualStudioVersion = 10.0.40219.1
Project("{FAE04EC0-301F-11D3-BF4B-00C04F79EFBC}") = "PSalario", "PSalario\PSalario.csproj", "{4C4BBD09-3750-4EA9-8485-263667EE36AF}"
EndProject
Global
	GlobalSection(SolutionConfigurationPlatforms) = preSolution
		Debug|Any CPU = Debug|Any CPU
		Release|Any CPU = Release|Any CPU
	EndGlobalSection
	GlobalSection(ProjectConfigurationPlatforms) = postSolution
		{4C4BBD09-3750-4EA9-8485-263667EE36AF}.Debug|Any CPU.ActiveCfg = Debug|Any CPU
		{4C4BBD09-3750-4EA9-8485-263667EE36AF}.Debug|Any CPU.Build.0 = Debug|Any CPU
		{4C4BBD09-3750-4EA9-8485-263667EE36AF}.Release|Any CPU.ActiveCfg = Release|Any CPU
		{4C4BBD09-3750-4EA9-8485-263667EE36AF}.Release|Any CPU.Build.0 = Release|Any CPU
	EndGlobalSection
	GlobalSection(SolutionProperties) = preSolution
		HideSolutionNode = FALSE
	EndGlobalSection
	GlobalSection(ExtensibilityGlobals) = postSolution
		SolutionGuid = {173DB849-56ED-4C59-BE35-54661A849B9F}
	EndGlobalSection
EndGlobal
