
Microsoft Visual Studio Solution File, Format Version 12.00
# Visual Studio Version 17
VisualStudioVersion = 17.3.32804.467
MinimumVisualStudioVersion = 10.0.40219.1
Project("{FAE04EC0-301F-11D3-BF4B-00C04F79EFBC}") = "PLista", "PLista\PLista.csproj", "{6C39F8D0-1392-413D-8D09-A0B23BB7B2A4}"
EndProject
Global
	GlobalSection(SolutionConfigurationPlatforms) = preSolution
		Debug|Any CPU = Debug|Any CPU
		Release|Any CPU = Release|Any CPU
	EndGlobalSection
	GlobalSection(ProjectConfigurationPlatforms) = postSolution
		{6C39F8D0-1392-413D-8D09-A0B23BB7B2A4}.Debug|Any CPU.ActiveCfg = Debug|Any CPU
		{6C39F8D0-1392-413D-8D09-A0B23BB7B2A4}.Debug|Any CPU.Build.0 = Debug|Any CPU
		{6C39F8D0-1392-413D-8D09-A0B23BB7B2A4}.Release|Any CPU.ActiveCfg = Release|Any CPU
		{6C39F8D0-1392-413D-8D09-A0B23BB7B2A4}.Release|Any CPU.Build.0 = Release|Any CPU
	EndGlobalSection
	GlobalSection(SolutionProperties) = preSolution
		HideSolutionNode = FALSE
	EndGlobalSection
	GlobalSection(ExtensibilityGlobals) = postSolution
		SolutionGuid = {B3437291-8C5F-46FC-AA19-4FBEF35A3B19}
	EndGlobalSection
EndGlobal
