
Microsoft Visual Studio Solution File, Format Version 12.00
# Visual Studio Version 17
VisualStudioVersion = 17.3.32804.467
MinimumVisualStudioVersion = 10.0.40219.1
Project("{FAE04EC0-301F-11D3-BF4B-00C04F79EFBC}") = "PMedia_alunos_ex", "PMedia_alunos_ex\PMedia_alunos_ex.csproj", "{C04B92B5-B57D-4045-A5BD-1B5D5C8C6FAF}"
EndProject
Global
	GlobalSection(SolutionConfigurationPlatforms) = preSolution
		Debug|Any CPU = Debug|Any CPU
		Release|Any CPU = Release|Any CPU
	EndGlobalSection
	GlobalSection(ProjectConfigurationPlatforms) = postSolution
		{C04B92B5-B57D-4045-A5BD-1B5D5C8C6FAF}.Debug|Any CPU.ActiveCfg = Debug|Any CPU
		{C04B92B5-B57D-4045-A5BD-1B5D5C8C6FAF}.Debug|Any CPU.Build.0 = Debug|Any CPU
		{C04B92B5-B57D-4045-A5BD-1B5D5C8C6FAF}.Release|Any CPU.ActiveCfg = Release|Any CPU
		{C04B92B5-B57D-4045-A5BD-1B5D5C8C6FAF}.Release|Any CPU.Build.0 = Release|Any CPU
	EndGlobalSection
	GlobalSection(SolutionProperties) = preSolution
		HideSolutionNode = FALSE
	EndGlobalSection
	GlobalSection(ExtensibilityGlobals) = postSolution
		SolutionGuid = {4CD60223-8087-4BB0-B04F-BA98FFFAF4B2}
	EndGlobalSection
EndGlobal
