
Microsoft Visual Studio Solution File, Format Version 12.00
# Visual Studio Version 17
VisualStudioVersion = 17.3.32804.467
MinimumVisualStudioVersion = 10.0.40219.1
Project("{FAE04EC0-301F-11D3-BF4B-00C04F79EFBC}") = "PHeranca", "PHeranca\PHeranca.csproj", "{7BE2A4D9-BB30-4892-8830-021212DD23FD}"
EndProject
Global
	GlobalSection(SolutionConfigurationPlatforms) = preSolution
		Debug|Any CPU = Debug|Any CPU
		Release|Any CPU = Release|Any CPU
	EndGlobalSection
	GlobalSection(ProjectConfigurationPlatforms) = postSolution
		{7BE2A4D9-BB30-4892-8830-021212DD23FD}.Debug|Any CPU.ActiveCfg = Debug|Any CPU
		{7BE2A4D9-BB30-4892-8830-021212DD23FD}.Debug|Any CPU.Build.0 = Debug|Any CPU
		{7BE2A4D9-BB30-4892-8830-021212DD23FD}.Release|Any CPU.ActiveCfg = Release|Any CPU
		{7BE2A4D9-BB30-4892-8830-021212DD23FD}.Release|Any CPU.Build.0 = Release|Any CPU
	EndGlobalSection
	GlobalSection(SolutionProperties) = preSolution
		HideSolutionNode = FALSE
	EndGlobalSection
	GlobalSection(ExtensibilityGlobals) = postSolution
		SolutionGuid = {E42BE235-EF7F-4505-95A6-96939A5D212A}
	EndGlobalSection
EndGlobal
